{
    "version": 3,
    "terraform_version": "0.11.7",
    "serial": 9,
    "lineage": "9cd0622e-07dc-a837-27f9-4bdd72c5ec80",
    "modules": [
        {
            "path": [
                "root"
            ],
            "outputs": {},
            "resources": {
                "aws_instance.terraform_ec2": {
                    "type": "aws_instance",
                    "depends_on": [
                        "aws_key_pair.ayyappakp1"
                    ],
                    "primary": {
                        "id": "i-01f747e24f1570b72",
                        "attributes": {
                            "ami": "ami-0189d76e",
                            "associate_public_ip_address": "true",
                            "availability_zone": "ap-south-1a",
                            "credit_specification.#": "1",
                            "credit_specification.0.cpu_credits": "standard",
                            "disable_api_termination": "false",
                            "ebs_block_device.#": "0",
                            "ebs_optimized": "false",
                            "ephemeral_block_device.#": "0",
                            "get_password_data": "false",
                            "iam_instance_profile": "",
                            "id": "i-01f747e24f1570b72",
                            "instance_state": "running",
                            "instance_type": "t2.micro",
                            "ipv6_addresses.#": "0",
                            "key_name": "ayyappakp1",
                            "monitoring": "false",
                            "network_interface.#": "0",
                            "network_interface_id": "eni-153d4d4b",
                            "password_data": "",
                            "placement_group": "",
                            "primary_network_interface_id": "eni-153d4d4b",
                            "private_dns": "ip-172-31-30-20.ap-south-1.compute.internal",
                            "private_ip": "172.31.30.20",
                            "public_dns": "ec2-13-232-44-182.ap-south-1.compute.amazonaws.com",
                            "public_ip": "13.232.44.182",
                            "root_block_device.#": "1",
                            "root_block_device.0.delete_on_termination": "true",
                            "root_block_device.0.iops": "100",
                            "root_block_device.0.volume_id": "vol-0fdfaef95f3d15e08",
                            "root_block_device.0.volume_size": "8",
                            "root_block_device.0.volume_type": "gp2",
                            "security_groups.#": "1",
                            "security_groups.3814588639": "default",
                            "source_dest_check": "true",
                            "subnet_id": "subnet-7664041e",
                            "tags.%": "1",
                            "tags.Name": "Terraform-Test",
                            "tenancy": "default",
                            "volume_tags.%": "0",
                            "vpc_security_group_ids.#": "1",
                            "vpc_security_group_ids.2910381046": "sg-4be8dc20"
                        },
                        "meta": {
                            "e2bfb730-ecaa-11e6-8f88-34363bc7c4c0": {
                                "create": 600000000000,
                                "delete": 1200000000000,
                                "update": 600000000000
                            },
                            "schema_version": "1"
                        },
                        "tainted": false
                    },
                    "deposed": [],
                    "provider": "provider.aws"
                },
                "aws_key_pair.ayyappakp1": {
                    "type": "aws_key_pair",
                    "depends_on": [],
                    "primary": {
                        "id": "ayyappakp1",
                        "attributes": {
                            "id": "ayyappakp1",
                            "key_name": "ayyappakp1",
                            "public_key": "ssh-rsa AAAAB3NzaC1yc2EAAAADAQABAAABAQC50Qn+noe0x6293LpZCiohvQf15cZIVm+wx/Kptb8QXjp41WkMayFMCUDaTa+pmyrXkT+NXznj7euJvsm/PBJw8OsZQzDafecVO+jgcY8pf7z+xEpYlthx1hdU9CZPRJWmUKzOYWycdtGqcdLAYTV0iJ+jOgEbD5XTQQER2yWsW/OQNxOTjW+Rx/xYzuDVxyx95pYY0PPTwfbiPpB0VqFEfIACphf9yl0ekP+bw/ZL5mc3l0DRZtxT+rMOvAhkbMY2+w5x8mpVNTMOVlxSnBYxAR2E9ew0eYgZUwPoySpzCgF9EVkLxyARxJtl1jPy6kGoKs0SHCF2EIBVUIuRchVR Ayyappa.Boligala@LTPCHE032264372"
                        },
                        "meta": {
                            "schema_version": "1"
                        },
                        "tainted": false
                    },
                    "deposed": [],
                    "provider": "provider.aws"
                }
            },
            "depends_on": []
        }
    ]
}
